
Microsoft Visual Studio Solution File, Format Version 12.00
# Visual Studio Version 17
VisualStudioVersion = 17.8.34330.188
MinimumVisualStudioVersion = 10.0.40219.1
Project("{8BC9CEB8-8B4A-11D0-8D11-00A0C91BC942}") = "OOP_DZ_9_1_Dedok", "OOP_DZ_9_1_Dedok.vcxproj", "{6AEAC5BE-2ECF-44DC-A300-1444C8B38635}"
EndProject
Global
	GlobalSection(SolutionConfigurationPlatforms) = preSolution
		Debug|x64 = Debug|x64
		Debug|x86 = Debug|x86
		Release|x64 = Release|x64
		Release|x86 = Release|x86
	EndGlobalSection
	GlobalSection(ProjectConfigurationPlatforms) = postSolution
		{6AEAC5BE-2ECF-44DC-A300-1444C8B38635}.Debug|x64.ActiveCfg = Debug|x64
		{6AEAC5BE-2ECF-44DC-A300-1444C8B38635}.Debug|x64.Build.0 = Debug|x64
		{6AEAC5BE-2ECF-44DC-A300-1444C8B38635}.Debug|x86.ActiveCfg = Debug|Win32
		{6AEAC5BE-2ECF-44DC-A300-1444C8B38635}.Debug|x86.Build.0 = Debug|Win32
		{6AEAC5BE-2ECF-44DC-A300-1444C8B38635}.Release|x64.ActiveCfg = Release|x64
		{6AEAC5BE-2ECF-44DC-A300-1444C8B38635}.Release|x64.Build.0 = Release|x64
		{6AEAC5BE-2ECF-44DC-A300-1444C8B38635}.Release|x86.ActiveCfg = Release|Win32
		{6AEAC5BE-2ECF-44DC-A300-1444C8B38635}.Release|x86.Build.0 = Release|Win32
	EndGlobalSection
	GlobalSection(SolutionProperties) = preSolution
		HideSolutionNode = FALSE
	EndGlobalSection
	GlobalSection(ExtensibilityGlobals) = postSolution
		SolutionGuid = {0E9BD81F-F5F5-4ED6-8A08-454C269947BD}
	EndGlobalSection
EndGlobal
